
Microsoft Visual Studio Solution File, Format Version 12.00
# Visual Studio 15
VisualStudioVersion = 15.0.28307.852
MinimumVisualStudioVersion = 10.0.40219.1
Project("{8BC9CEB8-8B4A-11D0-8D11-00A0C91BC942}") = "7.13", "7.13\7.13.vcxproj", "{5475EDB2-37ED-4474-B324-E5695C20BBAF}"
EndProject
Project("{8BC9CEB8-8B4A-11D0-8D11-00A0C91BC942}") = "7.13.1", "7.13.1\7.13.1.vcxproj", "{67D6338F-73CF-4875-8C62-A675617766C4}"
EndProject
Project("{8BC9CEB8-8B4A-11D0-8D11-00A0C91BC942}") = "7.13.2", "7.13.2\7.13.2.vcxproj", "{48C3777C-80F5-4053-979F-F71780D111BE}"
EndProject
Project("{8BC9CEB8-8B4A-11D0-8D11-00A0C91BC942}") = "7.13.3", "7.13.3\7.13.3.vcxproj", "{A6A08296-AA05-46B1-B2F4-46019CBD5E60}"
EndProject
Project("{8BC9CEB8-8B4A-11D0-8D11-00A0C91BC942}") = "7.13.4", "7.13.4\7.13.4.vcxproj", "{D8DEBB43-6E9D-40A8-8F3A-845C75ECFD4A}"
EndProject
Project("{8BC9CEB8-8B4A-11D0-8D11-00A0C91BC942}") = "7.13.5", "7.13.5\7.13.5.vcxproj", "{CBC0D0C4-0CE0-47CF-95EA-29C4BE63A4C9}"
EndProject
Project("{8BC9CEB8-8B4A-11D0-8D11-00A0C91BC942}") = "7.13.6", "7.13.6\7.13.6.vcxproj", "{FB08E27C-8370-47BA-942B-1397172017F2}"
EndProject
Project("{8BC9CEB8-8B4A-11D0-8D11-00A0C91BC942}") = "7.13.7", "7.13.7\7.13.7.vcxproj", "{73769A17-EFA6-4889-88E3-DFC6E9DE8985}"
EndProject
Global
	GlobalSection(SolutionConfigurationPlatforms) = preSolution
		Debug|x64 = Debug|x64
		Debug|x86 = Debug|x86
		Release|x64 = Release|x64
		Release|x86 = Release|x86
	EndGlobalSection
	GlobalSection(ProjectConfigurationPlatforms) = postSolution
		{5475EDB2-37ED-4474-B324-E5695C20BBAF}.Debug|x64.ActiveCfg = Debug|x64
		{5475EDB2-37ED-4474-B324-E5695C20BBAF}.Debug|x64.Build.0 = Debug|x64
		{5475EDB2-37ED-4474-B324-E5695C20BBAF}.Debug|x86.ActiveCfg = Debug|Win32
		{5475EDB2-37ED-4474-B324-E5695C20BBAF}.Debug|x86.Build.0 = Debug|Win32
		{5475EDB2-37ED-4474-B324-E5695C20BBAF}.Release|x64.ActiveCfg = Release|x64
		{5475EDB2-37ED-4474-B324-E5695C20BBAF}.Release|x64.Build.0 = Release|x64
		{5475EDB2-37ED-4474-B324-E5695C20BBAF}.Release|x86.ActiveCfg = Release|Win32
		{5475EDB2-37ED-4474-B324-E5695C20BBAF}.Release|x86.Build.0 = Release|Win32
		{67D6338F-73CF-4875-8C62-A675617766C4}.Debug|x64.ActiveCfg = Debug|x64
		{67D6338F-73CF-4875-8C62-A675617766C4}.Debug|x64.Build.0 = Debug|x64
		{67D6338F-73CF-4875-8C62-A675617766C4}.Debug|x86.ActiveCfg = Debug|Win32
		{67D6338F-73CF-4875-8C62-A675617766C4}.Debug|x86.Build.0 = Debug|Win32
		{67D6338F-73CF-4875-8C62-A675617766C4}.Release|x64.ActiveCfg = Release|x64
		{67D6338F-73CF-4875-8C62-A675617766C4}.Release|x64.Build.0 = Release|x64
		{67D6338F-73CF-4875-8C62-A675617766C4}.Release|x86.ActiveCfg = Release|Win32
		{67D6338F-73CF-4875-8C62-A675617766C4}.Release|x86.Build.0 = Release|Win32
		{48C3777C-80F5-4053-979F-F71780D111BE}.Debug|x64.ActiveCfg = Debug|x64
		{48C3777C-80F5-4053-979F-F71780D111BE}.Debug|x64.Build.0 = Debug|x64
		{48C3777C-80F5-4053-979F-F71780D111BE}.Debug|x86.ActiveCfg = Debug|Win32
		{48C3777C-80F5-4053-979F-F71780D111BE}.Debug|x86.Build.0 = Debug|Win32
		{48C3777C-80F5-4053-979F-F71780D111BE}.Release|x64.ActiveCfg = Release|x64
		{48C3777C-80F5-4053-979F-F71780D111BE}.Release|x64.Build.0 = Release|x64
		{48C3777C-80F5-4053-979F-F71780D111BE}.Release|x86.ActiveCfg = Release|Win32
		{48C3777C-80F5-4053-979F-F71780D111BE}.Release|x86.Build.0 = Release|Win32
		{A6A08296-AA05-46B1-B2F4-46019CBD5E60}.Debug|x64.ActiveCfg = Debug|x64
		{A6A08296-AA05-46B1-B2F4-46019CBD5E60}.Debug|x64.Build.0 = Debug|x64
		{A6A08296-AA05-46B1-B2F4-46019CBD5E60}.Debug|x86.ActiveCfg = Debug|Win32
		{A6A08296-AA05-46B1-B2F4-46019CBD5E60}.Debug|x86.Build.0 = Debug|Win32
		{A6A08296-AA05-46B1-B2F4-46019CBD5E60}.Release|x64.ActiveCfg = Release|x64
		{A6A08296-AA05-46B1-B2F4-46019CBD5E60}.Release|x64.Build.0 = Release|x64
		{A6A08296-AA05-46B1-B2F4-46019CBD5E60}.Release|x86.ActiveCfg = Release|Win32
		{A6A08296-AA05-46B1-B2F4-46019CBD5E60}.Release|x86.Build.0 = Release|Win32
		{D8DEBB43-6E9D-40A8-8F3A-845C75ECFD4A}.Debug|x64.ActiveCfg = Debug|x64
		{D8DEBB43-6E9D-40A8-8F3A-845C75ECFD4A}.Debug|x64.Build.0 = Debug|x64
		{D8DEBB43-6E9D-40A8-8F3A-845C75ECFD4A}.Debug|x86.ActiveCfg = Debug|Win32
		{D8DEBB43-6E9D-40A8-8F3A-845C75ECFD4A}.Debug|x86.Build.0 = Debug|Win32
		{D8DEBB43-6E9D-40A8-8F3A-845C75ECFD4A}.Release|x64.ActiveCfg = Release|x64
		{D8DEBB43-6E9D-40A8-8F3A-845C75ECFD4A}.Release|x64.Build.0 = Release|x64
		{D8DEBB43-6E9D-40A8-8F3A-845C75ECFD4A}.Release|x86.ActiveCfg = Release|Win32
		{D8DEBB43-6E9D-40A8-8F3A-845C75ECFD4A}.Release|x86.Build.0 = Release|Win32
		{CBC0D0C4-0CE0-47CF-95EA-29C4BE63A4C9}.Debug|x64.ActiveCfg = Debug|x64
		{CBC0D0C4-0CE0-47CF-95EA-29C4BE63A4C9}.Debug|x64.Build.0 = Debug|x64
		{CBC0D0C4-0CE0-47CF-95EA-29C4BE63A4C9}.Debug|x86.ActiveCfg = Debug|Win32
		{CBC0D0C4-0CE0-47CF-95EA-29C4BE63A4C9}.Debug|x86.Build.0 = Debug|Win32
		{CBC0D0C4-0CE0-47CF-95EA-29C4BE63A4C9}.Release|x64.ActiveCfg = Release|x64
		{CBC0D0C4-0CE0-47CF-95EA-29C4BE63A4C9}.Release|x64.Build.0 = Release|x64
		{CBC0D0C4-0CE0-47CF-95EA-29C4BE63A4C9}.Release|x86.ActiveCfg = Release|Win32
		{CBC0D0C4-0CE0-47CF-95EA-29C4BE63A4C9}.Release|x86.Build.0 = Release|Win32
		{FB08E27C-8370-47BA-942B-1397172017F2}.Debug|x64.ActiveCfg = Debug|x64
		{FB08E27C-8370-47BA-942B-1397172017F2}.Debug|x64.Build.0 = Debug|x64
		{FB08E27C-8370-47BA-942B-1397172017F2}.Debug|x86.ActiveCfg = Debug|Win32
		{FB08E27C-8370-47BA-942B-1397172017F2}.Debug|x86.Build.0 = Debug|Win32
		{FB08E27C-8370-47BA-942B-1397172017F2}.Release|x64.ActiveCfg = Release|x64
		{FB08E27C-8370-47BA-942B-1397172017F2}.Release|x64.Build.0 = Release|x64
		{FB08E27C-8370-47BA-942B-1397172017F2}.Release|x86.ActiveCfg = Release|Win32
		{FB08E27C-8370-47BA-942B-1397172017F2}.Release|x86.Build.0 = Release|Win32
		{73769A17-EFA6-4889-88E3-DFC6E9DE8985}.Debug|x64.ActiveCfg = Debug|x64
		{73769A17-EFA6-4889-88E3-DFC6E9DE8985}.Debug|x64.Build.0 = Debug|x64
		{73769A17-EFA6-4889-88E3-DFC6E9DE8985}.Debug|x86.ActiveCfg = Debug|Win32
		{73769A17-EFA6-4889-88E3-DFC6E9DE8985}.Debug|x86.Build.0 = Debug|Win32
		{73769A17-EFA6-4889-88E3-DFC6E9DE8985}.Release|x64.ActiveCfg = Release|x64
		{73769A17-EFA6-4889-88E3-DFC6E9DE8985}.Release|x64.Build.0 = Release|x64
		{73769A17-EFA6-4889-88E3-DFC6E9DE8985}.Release|x86.ActiveCfg = Release|Win32
		{73769A17-EFA6-4889-88E3-DFC6E9DE8985}.Release|x86.Build.0 = Release|Win32
	EndGlobalSection
	GlobalSection(SolutionProperties) = preSolution
		HideSolutionNode = FALSE
	EndGlobalSection
	GlobalSection(ExtensibilityGlobals) = postSolution
		SolutionGuid = {01166127-BDD7-499F-9DED-E4F437E1861B}
	EndGlobalSection
EndGlobal
